<?xml version="1.0" encoding="utf-8"?>
<Project ToolsVersion="4.0" xmlns="http://schemas.microsoft.com/developer/msbuild/2003">
  <ItemGroup>
    <ClCompile Include="SFMLTest.cpp">
      <Filter>Source\Tests</Filter>
    </ClCompile>
    <ClCompile Include="App.cpp">
      <Filter>Source\Core\Private</Filter>
    </ClCompile>
    <ClCompile Include="Breakout.cpp">
      <Filter>Source\Core\Private</Filter>
    </ClCompile>
    <ClCompile Include="BrickGrid.cpp">
      <Filter>Source\Core\Private</Filter>
    </ClCompile>
    <ClCompile Include="EntityManager.cpp">
      <Filter>Source\Core\Private</Filter>
    </ClCompile>
    <ClCompile Include="GameManager.cpp">
      <Filter>Source\Core\Private</Filter>
    </ClCompile>
    <ClCompile Include="PhysicsManager.cpp">
      <Filter>Source\Core\Private</Filter>
    </ClCompile>
    <ClCompile Include="RewardManager.cpp">
      <Filter>Source\Core\Private</Filter>
    </ClCompile>
    <ClCompile Include="TimeManager.cpp">
      <Filter>Source\Core\Private</Filter>
    </ClCompile>
    <ClCompile Include="Window.cpp">
      <Filter>Source\Core\Private</Filter>
    </ClCompile>
    <ClCompile Include="Ball.cpp">
      <Filter>Source\Entity\Private</Filter>
    </ClCompile>
    <ClCompile Include="Brick.cpp">
      <Filter>Source\Entity\Private</Filter>
    </ClCompile>
    <ClCompile Include="Entity.cpp">
      <Filter>Source\Entity\Private</Filter>
    </ClCompile>
    <ClCompile Include="Player.cpp">
      <Filter>Source\Entity\Private</Filter>
    </ClCompile>
  </ItemGroup>
  <ItemGroup>
    <ClInclude Include="SFMLTest.h">
      <Filter>Source\Tests</Filter>
    </ClInclude>
    <ClInclude Include="BrickGrid.h">
      <Filter>Source\Core\Public</Filter>
    </ClInclude>
    <ClInclude Include="App.h">
      <Filter>Source\Core\Public</Filter>
    </ClInclude>
    <ClInclude Include="EntityManager.h">
      <Filter>Source\Core\Public</Filter>
    </ClInclude>
    <ClInclude Include="GameConsts.h">
      <Filter>Source\Core\Public</Filter>
    </ClInclude>
    <ClInclude Include="GameManager.h">
      <Filter>Source\Core\Public</Filter>
    </ClInclude>
    <ClInclude Include="PhysicsManager.h">
      <Filter>Source\Core\Public</Filter>
    </ClInclude>
    <ClInclude Include="RewardManager.h">
      <Filter>Source\Core\Public</Filter>
    </ClInclude>
    <ClInclude Include="TimeManager.h">
      <Filter>Source\Core\Public</Filter>
    </ClInclude>
    <ClInclude Include="Window.h">
      <Filter>Source\Core\Public</Filter>
    </ClInclude>
    <ClInclude Include="Ball.h">
      <Filter>Source\Entity\Public</Filter>
    </ClInclude>
    <ClInclude Include="Brick.h">
      <Filter>Source\Entity\Public</Filter>
    </ClInclude>
    <ClInclude Include="Entity.h">
      <Filter>Source\Entity\Public</Filter>
    </ClInclude>
    <ClInclude Include="Player.h">
      <Filter>Source\Entity\Public</Filter>
    </ClInclude>
  </ItemGroup>
  <ItemGroup>
    <Filter Include="Source">
      <UniqueIdentifier>{af2f50f7-1233-413b-a185-8dfcc97942ef}</UniqueIdentifier>
    </Filter>
    <Filter Include="Source\Core">
      <UniqueIdentifier>{1a1dfae0-5529-4254-a2e6-8071b7443f74}</UniqueIdentifier>
    </Filter>
    <Filter Include="Source\Entity">
      <UniqueIdentifier>{b6d245b8-b761-4e07-8d41-59c6e38ffed8}</UniqueIdentifier>
    </Filter>
    <Filter Include="Source\Tests">
      <UniqueIdentifier>{41e1a999-afea-45d6-b29d-0b2b22afd63c}</UniqueIdentifier>
    </Filter>
    <Filter Include="Source\Core\Private">
      <UniqueIdentifier>{feb694e2-c16b-4180-a165-4c8f5e5e36d4}</UniqueIdentifier>
    </Filter>
    <Filter Include="Source\Core\Public">
      <UniqueIdentifier>{eadeaa33-5123-4a3b-b48d-9268a3e7d35c}</UniqueIdentifier>
    </Filter>
    <Filter Include="Source\Entity\Private">
      <UniqueIdentifier>{88c7c83d-4c34-4f82-b676-cb39a823e1a2}</UniqueIdentifier>
    </Filter>
    <Filter Include="Source\Entity\Public">
      <UniqueIdentifier>{b4638f80-2e3b-4404-8976-a9f7f0085677}</UniqueIdentifier>
    </Filter>
  </ItemGroup>
  <ItemGroup>
    <Image Include="Sprite\test.png">
      <Filter>Source\Tests</Filter>
    </Image>
  </ItemGroup>
</Project>