<?xml version="1.0" encoding="utf-8"?>
<Project ToolsVersion="4.0" xmlns="http://schemas.microsoft.com/developer/msbuild/2003">
  <ItemGroup>
    <Filter Include="Source Files">
      <UniqueIdentifier>{4FC737F1-C7A5-4376-A066-2A32D752A2FF}</UniqueIdentifier>
      <Extensions>cpp;c;cc;cxx;c++;cppm;ixx;def;odl;idl;hpj;bat;asm;asmx</Extensions>
    </Filter>
    <Filter Include="Source Files\SFML">
      <UniqueIdentifier>{0891e19c-925c-4591-b325-8a8e835797e2}</UniqueIdentifier>
    </Filter>
    <Filter Include="Source Files\Core">
      <UniqueIdentifier>{b3d82bf5-3790-4ab6-8d55-55ad1bd69a2c}</UniqueIdentifier>
    </Filter>
  </ItemGroup>
  <ItemGroup>
    <ClCompile Include="SFMLTest.cpp">
      <Filter>Source Files\SFML</Filter>
    </ClCompile>
    <ClCompile Include="Breakout.cpp">
      <Filter>Source Files\Core</Filter>
    </ClCompile>
    <ClCompile Include="App.cpp">
      <Filter>Source Files\Core</Filter>
    </ClCompile>
    <ClCompile Include="TimeManager.cpp">
      <Filter>Source Files</Filter>
    </ClCompile>
    <ClCompile Include="Window.cpp">
      <Filter>Source Files</Filter>
    </ClCompile>
  </ItemGroup>
  <ItemGroup>
    <ClInclude Include="SFMLTest.h">
      <Filter>Source Files\SFML</Filter>
    </ClInclude>
    <ClInclude Include="App.h">
      <Filter>Source Files\Core</Filter>
    </ClInclude>
    <ClInclude Include="GameConsts.h">
      <Filter>Source Files</Filter>
    </ClInclude>
    <ClInclude Include="TimeManager.h">
      <Filter>Source Files</Filter>
    </ClInclude>
    <ClInclude Include="Window.h">
      <Filter>Source Files</Filter>
    </ClInclude>
  </ItemGroup>
</Project>